
Microsoft Visual Studio Solution File, Format Version 12.00
# Visual Studio Version 17
VisualStudioVersion = 17.0.32014.148
MinimumVisualStudioVersion = 10.0.40219.1
Project("{2150E333-8FDC-42A3-9474-1A3956D46DE8}") = "src", "src", "{0DE60274-AA05-4E64-A7C1-175005219903}"
EndProject
Project("{2150E333-8FDC-42A3-9474-1A3956D46DE8}") = "tests", "tests", "{ACB95C7B-DFE8-411A-8CC5-059505530ADB}"
EndProject
Project("{2150E333-8FDC-42A3-9474-1A3956D46DE8}") = "misc", "misc", "{62623591-B874-4086-B9BD-A5715EA33E1C}"
EndProject
Project("{9A19103F-16F7-4668-BE54-9A1E7A4F7556}") = "Ae.Dns.Console", "misc\Ae.Dns.Console\Ae.Dns.Console.csproj", "{E7C06FB3-4BBE-4963-B82B-6746874E3858}"
EndProject
Project("{9A19103F-16F7-4668-BE54-9A1E7A4F7556}") = "Ae.Dns.Client", "src\Ae.Dns.Client\Ae.Dns.Client.csproj", "{F67B9C6A-EEF6-4FA8-AD2F-CE8290B70BB5}"
EndProject
Project("{9A19103F-16F7-4668-BE54-9A1E7A4F7556}") = "Ae.Dns.Protocol", "src\Ae.Dns.Protocol\Ae.Dns.Protocol.csproj", "{6338B19C-1D1C-4660-8A88-3400178F5F6B}"
EndProject
Project("{9A19103F-16F7-4668-BE54-9A1E7A4F7556}") = "Ae.Dns.Server", "src\Ae.Dns.Server\Ae.Dns.Server.csproj", "{7DF6E4BC-103E-43D7-B910-769AB7BFD707}"
EndProject
Project("{9A19103F-16F7-4668-BE54-9A1E7A4F7556}") = "Ae.Dns.Tests", "tests\Ae.Dns.Tests\Ae.Dns.Tests.csproj", "{44E7090C-134F-4188-AE82-FD0898950150}"
EndProject
Project("{2150E333-8FDC-42A3-9474-1A3956D46DE8}") = "Solution Items", "Solution Items", "{CD44A2E3-14FE-49BC-A148-E0C18BE45CC7}"
	ProjectSection(SolutionItems) = preProject
		README.md = README.md
	EndProjectSection
EndProject
Project("{9A19103F-16F7-4668-BE54-9A1E7A4F7556}") = "Ae.Dns.Server.Http", "src\Ae.Dns.Server.Http\Ae.Dns.Server.Http.csproj", "{8449B6F4-2F62-4142-874C-FE2FB505863A}"
EndProject
Project("{9A19103F-16F7-4668-BE54-9A1E7A4F7556}") = "Ae.Dns.AppMetrics", "src\Ae.Dns.AppMetrics\Ae.Dns.AppMetrics.csproj", "{A318D82E-7785-4240-93A7-D5F32D3905EB}"
EndProject
Project("{9A19103F-16F7-4668-BE54-9A1E7A4F7556}") = "Ae.Dns.Benchmarks", "tests\Ae.Dns.Benchmarks\Ae.Dns.Benchmarks.csproj", "{5550082A-A14B-4256-8789-5AE785C392E1}"
EndProject
Project("{9A19103F-16F7-4668-BE54-9A1E7A4F7556}") = "Ae.Dns.Crawler", "tests\Ae.Dns.Crawler\Ae.Dns.Crawler.csproj", "{115C8BA5-1A40-4C08-B880-D61ABEF819F6}"
EndProject
Project("{2150E333-8FDC-42A3-9474-1A3956D46DE8}") = "samples", "samples", "{7C20B305-A37E-479F-83B2-79606FBF6033}"
EndProject
Project("{9A19103F-16F7-4668-BE54-9A1E7A4F7556}") = "BasicHttpClient", "samples\BasicHttpClient\BasicHttpClient.csproj", "{77A7BCB5-5724-489D-ACA4-CDFD1966D6D7}"
EndProject
Project("{9A19103F-16F7-4668-BE54-9A1E7A4F7556}") = "AdvancedHttpClient", "samples\AdvancedHttpClient\AdvancedHttpClient.csproj", "{7E8565CB-026A-4E3C-BE37-F78EFF846865}"
EndProject
Project("{9A19103F-16F7-4668-BE54-9A1E7A4F7556}") = "BasicUdpClient", "samples\BasicUdpClient\BasicUdpClient.csproj", "{3644AE12-0D00-4A22-97AB-1D316507562C}"
EndProject
Project("{9A19103F-16F7-4668-BE54-9A1E7A4F7556}") = "RoundRobinClient", "samples\RoundRobinClient\RoundRobinClient.csproj", "{EC10205A-44D0-4344-8A36-FBE89EC9AAA6}"
EndProject
Project("{9A19103F-16F7-4668-BE54-9A1E7A4F7556}") = "CachingClient", "samples\CachingClient\CachingClient.csproj", "{BD7AAA9D-221A-4492-91C5-91E066A5BA14}"
EndProject
Project("{9A19103F-16F7-4668-BE54-9A1E7A4F7556}") = "BasicUdpServer", "samples\BasicUdpServer\BasicUdpServer.csproj", "{C4DC5DEF-66C0-47A8-9127-A8BEE7334809}"
EndProject
Project("{9A19103F-16F7-4668-BE54-9A1E7A4F7556}") = "AdvancedUdpServer", "samples\AdvancedUdpServer\AdvancedUdpServer.csproj", "{7E50BBCD-12E0-41C8-A81B-E9D14064BE40}"
EndProject
Project("{9A19103F-16F7-4668-BE54-9A1E7A4F7556}") = "BasicHttpServer", "samples\BasicHttpServer\BasicHttpServer.csproj", "{CA631F45-6F8D-482C-8AA4-55B7FB694F73}"
EndProject
Project("{9A19103F-16F7-4668-BE54-9A1E7A4F7556}") = "BasicHttpClientMiddleware", "samples\BasicHttpClientMiddleware\BasicHttpClientMiddleware.csproj", "{92037BF8-D2C4-499E-9802-C839C8B24A1B}"
EndProject
Project("{9A19103F-16F7-4668-BE54-9A1E7A4F7556}") = "AdvancedHttpClientMiddleware", "samples\AdvancedHttpClientMiddleware\AdvancedHttpClientMiddleware.csproj", "{9BE0395F-3549-45C5-9E22-0E6735FB78F2}"
EndProject
Project("{9A19103F-16F7-4668-BE54-9A1E7A4F7556}") = "RacerClient", "samples\RacerClient\RacerClient.csproj", "{5E04E0A5-8BFC-423F-88D4-CAF0368CCC40}"
EndProject
Global
	GlobalSection(SolutionConfigurationPlatforms) = preSolution
		Debug|Any CPU = Debug|Any CPU
		Release|Any CPU = Release|Any CPU
	EndGlobalSection
	GlobalSection(ProjectConfigurationPlatforms) = postSolution
		{E7C06FB3-4BBE-4963-B82B-6746874E3858}.Debug|Any CPU.ActiveCfg = Debug|Any CPU
		{E7C06FB3-4BBE-4963-B82B-6746874E3858}.Debug|Any CPU.Build.0 = Debug|Any CPU
		{E7C06FB3-4BBE-4963-B82B-6746874E3858}.Release|Any CPU.ActiveCfg = Release|Any CPU
		{E7C06FB3-4BBE-4963-B82B-6746874E3858}.Release|Any CPU.Build.0 = Release|Any CPU
		{F67B9C6A-EEF6-4FA8-AD2F-CE8290B70BB5}.Debug|Any CPU.ActiveCfg = Debug|Any CPU
		{F67B9C6A-EEF6-4FA8-AD2F-CE8290B70BB5}.Debug|Any CPU.Build.0 = Debug|Any CPU
		{F67B9C6A-EEF6-4FA8-AD2F-CE8290B70BB5}.Release|Any CPU.ActiveCfg = Release|Any CPU
		{F67B9C6A-EEF6-4FA8-AD2F-CE8290B70BB5}.Release|Any CPU.Build.0 = Release|Any CPU
		{6338B19C-1D1C-4660-8A88-3400178F5F6B}.Debug|Any CPU.ActiveCfg = Debug|Any CPU
		{6338B19C-1D1C-4660-8A88-3400178F5F6B}.Debug|Any CPU.Build.0 = Debug|Any CPU
		{6338B19C-1D1C-4660-8A88-3400178F5F6B}.Release|Any CPU.ActiveCfg = Release|Any CPU
		{6338B19C-1D1C-4660-8A88-3400178F5F6B}.Release|Any CPU.Build.0 = Release|Any CPU
		{7DF6E4BC-103E-43D7-B910-769AB7BFD707}.Debug|Any CPU.ActiveCfg = Debug|Any CPU
		{7DF6E4BC-103E-43D7-B910-769AB7BFD707}.Debug|Any CPU.Build.0 = Debug|Any CPU
		{7DF6E4BC-103E-43D7-B910-769AB7BFD707}.Release|Any CPU.ActiveCfg = Release|Any CPU
		{7DF6E4BC-103E-43D7-B910-769AB7BFD707}.Release|Any CPU.Build.0 = Release|Any CPU
		{44E7090C-134F-4188-AE82-FD0898950150}.Debug|Any CPU.ActiveCfg = Debug|Any CPU
		{44E7090C-134F-4188-AE82-FD0898950150}.Debug|Any CPU.Build.0 = Debug|Any CPU
		{44E7090C-134F-4188-AE82-FD0898950150}.Release|Any CPU.ActiveCfg = Release|Any CPU
		{44E7090C-134F-4188-AE82-FD0898950150}.Release|Any CPU.Build.0 = Release|Any CPU
		{8449B6F4-2F62-4142-874C-FE2FB505863A}.Debug|Any CPU.ActiveCfg = Debug|Any CPU
		{8449B6F4-2F62-4142-874C-FE2FB505863A}.Debug|Any CPU.Build.0 = Debug|Any CPU
		{8449B6F4-2F62-4142-874C-FE2FB505863A}.Release|Any CPU.ActiveCfg = Release|Any CPU
		{8449B6F4-2F62-4142-874C-FE2FB505863A}.Release|Any CPU.Build.0 = Release|Any CPU
		{A318D82E-7785-4240-93A7-D5F32D3905EB}.Debug|Any CPU.ActiveCfg = Debug|Any CPU
		{A318D82E-7785-4240-93A7-D5F32D3905EB}.Debug|Any CPU.Build.0 = Debug|Any CPU
		{A318D82E-7785-4240-93A7-D5F32D3905EB}.Release|Any CPU.ActiveCfg = Release|Any CPU
		{A318D82E-7785-4240-93A7-D5F32D3905EB}.Release|Any CPU.Build.0 = Release|Any CPU
		{5550082A-A14B-4256-8789-5AE785C392E1}.Debug|Any CPU.ActiveCfg = Debug|Any CPU
		{5550082A-A14B-4256-8789-5AE785C392E1}.Debug|Any CPU.Build.0 = Debug|Any CPU
		{5550082A-A14B-4256-8789-5AE785C392E1}.Release|Any CPU.ActiveCfg = Release|Any CPU
		{5550082A-A14B-4256-8789-5AE785C392E1}.Release|Any CPU.Build.0 = Release|Any CPU
		{115C8BA5-1A40-4C08-B880-D61ABEF819F6}.Debug|Any CPU.ActiveCfg = Debug|Any CPU
		{115C8BA5-1A40-4C08-B880-D61ABEF819F6}.Debug|Any CPU.Build.0 = Debug|Any CPU
		{115C8BA5-1A40-4C08-B880-D61ABEF819F6}.Release|Any CPU.ActiveCfg = Release|Any CPU
		{115C8BA5-1A40-4C08-B880-D61ABEF819F6}.Release|Any CPU.Build.0 = Release|Any CPU
		{77A7BCB5-5724-489D-ACA4-CDFD1966D6D7}.Debug|Any CPU.ActiveCfg = Debug|Any CPU
		{77A7BCB5-5724-489D-ACA4-CDFD1966D6D7}.Debug|Any CPU.Build.0 = Debug|Any CPU
		{77A7BCB5-5724-489D-ACA4-CDFD1966D6D7}.Release|Any CPU.ActiveCfg = Release|Any CPU
		{77A7BCB5-5724-489D-ACA4-CDFD1966D6D7}.Release|Any CPU.Build.0 = Release|Any CPU
		{7E8565CB-026A-4E3C-BE37-F78EFF846865}.Debug|Any CPU.ActiveCfg = Debug|Any CPU
		{7E8565CB-026A-4E3C-BE37-F78EFF846865}.Debug|Any CPU.Build.0 = Debug|Any CPU
		{7E8565CB-026A-4E3C-BE37-F78EFF846865}.Release|Any CPU.ActiveCfg = Release|Any CPU
		{7E8565CB-026A-4E3C-BE37-F78EFF846865}.Release|Any CPU.Build.0 = Release|Any CPU
		{3644AE12-0D00-4A22-97AB-1D316507562C}.Debug|Any CPU.ActiveCfg = Debug|Any CPU
		{3644AE12-0D00-4A22-97AB-1D316507562C}.Debug|Any CPU.Build.0 = Debug|Any CPU
		{3644AE12-0D00-4A22-97AB-1D316507562C}.Release|Any CPU.ActiveCfg = Release|Any CPU
		{3644AE12-0D00-4A22-97AB-1D316507562C}.Release|Any CPU.Build.0 = Release|Any CPU
		{EC10205A-44D0-4344-8A36-FBE89EC9AAA6}.Debug|Any CPU.ActiveCfg = Debug|Any CPU
		{EC10205A-44D0-4344-8A36-FBE89EC9AAA6}.Debug|Any CPU.Build.0 = Debug|Any CPU
		{EC10205A-44D0-4344-8A36-FBE89EC9AAA6}.Release|Any CPU.ActiveCfg = Release|Any CPU
		{EC10205A-44D0-4344-8A36-FBE89EC9AAA6}.Release|Any CPU.Build.0 = Release|Any CPU
		{BD7AAA9D-221A-4492-91C5-91E066A5BA14}.Debug|Any CPU.ActiveCfg = Debug|Any CPU
		{BD7AAA9D-221A-4492-91C5-91E066A5BA14}.Debug|Any CPU.Build.0 = Debug|Any CPU
		{BD7AAA9D-221A-4492-91C5-91E066A5BA14}.Release|Any CPU.ActiveCfg = Release|Any CPU
		{BD7AAA9D-221A-4492-91C5-91E066A5BA14}.Release|Any CPU.Build.0 = Release|Any CPU
		{C4DC5DEF-66C0-47A8-9127-A8BEE7334809}.Debug|Any CPU.ActiveCfg = Debug|Any CPU
		{C4DC5DEF-66C0-47A8-9127-A8BEE7334809}.Debug|Any CPU.Build.0 = Debug|Any CPU
		{C4DC5DEF-66C0-47A8-9127-A8BEE7334809}.Release|Any CPU.ActiveCfg = Release|Any CPU
		{C4DC5DEF-66C0-47A8-9127-A8BEE7334809}.Release|Any CPU.Build.0 = Release|Any CPU
		{7E50BBCD-12E0-41C8-A81B-E9D14064BE40}.Debug|Any CPU.ActiveCfg = Debug|Any CPU
		{7E50BBCD-12E0-41C8-A81B-E9D14064BE40}.Debug|Any CPU.Build.0 = Debug|Any CPU
		{7E50BBCD-12E0-41C8-A81B-E9D14064BE40}.Release|Any CPU.ActiveCfg = Release|Any CPU
		{7E50BBCD-12E0-41C8-A81B-E9D14064BE40}.Release|Any CPU.Build.0 = Release|Any CPU
		{CA631F45-6F8D-482C-8AA4-55B7FB694F73}.Debug|Any CPU.ActiveCfg = Debug|Any CPU
		{CA631F45-6F8D-482C-8AA4-55B7FB694F73}.Debug|Any CPU.Build.0 = Debug|Any CPU
		{CA631F45-6F8D-482C-8AA4-55B7FB694F73}.Release|Any CPU.ActiveCfg = Release|Any CPU
		{CA631F45-6F8D-482C-8AA4-55B7FB694F73}.Release|Any CPU.Build.0 = Release|Any CPU
		{92037BF8-D2C4-499E-9802-C839C8B24A1B}.Debug|Any CPU.ActiveCfg = Debug|Any CPU
		{92037BF8-D2C4-499E-9802-C839C8B24A1B}.Debug|Any CPU.Build.0 = Debug|Any CPU
		{92037BF8-D2C4-499E-9802-C839C8B24A1B}.Release|Any CPU.ActiveCfg = Release|Any CPU
		{92037BF8-D2C4-499E-9802-C839C8B24A1B}.Release|Any CPU.Build.0 = Release|Any CPU
		{9BE0395F-3549-45C5-9E22-0E6735FB78F2}.Debug|Any CPU.ActiveCfg = Debug|Any CPU
		{9BE0395F-3549-45C5-9E22-0E6735FB78F2}.Debug|Any CPU.Build.0 = Debug|Any CPU
		{9BE0395F-3549-45C5-9E22-0E6735FB78F2}.Release|Any CPU.ActiveCfg = Release|Any CPU
		{9BE0395F-3549-45C5-9E22-0E6735FB78F2}.Release|Any CPU.Build.0 = Release|Any CPU
		{5E04E0A5-8BFC-423F-88D4-CAF0368CCC40}.Debug|Any CPU.ActiveCfg = Debug|Any CPU
		{5E04E0A5-8BFC-423F-88D4-CAF0368CCC40}.Debug|Any CPU.Build.0 = Debug|Any CPU
		{5E04E0A5-8BFC-423F-88D4-CAF0368CCC40}.Release|Any CPU.ActiveCfg = Release|Any CPU
		{5E04E0A5-8BFC-423F-88D4-CAF0368CCC40}.Release|Any CPU.Build.0 = Release|Any CPU
	EndGlobalSection
	GlobalSection(SolutionProperties) = preSolution
		HideSolutionNode = FALSE
	EndGlobalSection
	GlobalSection(NestedProjects) = preSolution
		{E7C06FB3-4BBE-4963-B82B-6746874E3858} = {62623591-B874-4086-B9BD-A5715EA33E1C}
		{F67B9C6A-EEF6-4FA8-AD2F-CE8290B70BB5} = {0DE60274-AA05-4E64-A7C1-175005219903}
		{6338B19C-1D1C-4660-8A88-3400178F5F6B} = {0DE60274-AA05-4E64-A7C1-175005219903}
		{7DF6E4BC-103E-43D7-B910-769AB7BFD707} = {0DE60274-AA05-4E64-A7C1-175005219903}
		{44E7090C-134F-4188-AE82-FD0898950150} = {ACB95C7B-DFE8-411A-8CC5-059505530ADB}
		{8449B6F4-2F62-4142-874C-FE2FB505863A} = {0DE60274-AA05-4E64-A7C1-175005219903}
		{A318D82E-7785-4240-93A7-D5F32D3905EB} = {0DE60274-AA05-4E64-A7C1-175005219903}
		{5550082A-A14B-4256-8789-5AE785C392E1} = {ACB95C7B-DFE8-411A-8CC5-059505530ADB}
		{115C8BA5-1A40-4C08-B880-D61ABEF819F6} = {ACB95C7B-DFE8-411A-8CC5-059505530ADB}
		{77A7BCB5-5724-489D-ACA4-CDFD1966D6D7} = {7C20B305-A37E-479F-83B2-79606FBF6033}
		{7E8565CB-026A-4E3C-BE37-F78EFF846865} = {7C20B305-A37E-479F-83B2-79606FBF6033}
		{3644AE12-0D00-4A22-97AB-1D316507562C} = {7C20B305-A37E-479F-83B2-79606FBF6033}
		{EC10205A-44D0-4344-8A36-FBE89EC9AAA6} = {7C20B305-A37E-479F-83B2-79606FBF6033}
		{BD7AAA9D-221A-4492-91C5-91E066A5BA14} = {7C20B305-A37E-479F-83B2-79606FBF6033}
		{C4DC5DEF-66C0-47A8-9127-A8BEE7334809} = {7C20B305-A37E-479F-83B2-79606FBF6033}
		{7E50BBCD-12E0-41C8-A81B-E9D14064BE40} = {7C20B305-A37E-479F-83B2-79606FBF6033}
		{CA631F45-6F8D-482C-8AA4-55B7FB694F73} = {7C20B305-A37E-479F-83B2-79606FBF6033}
		{92037BF8-D2C4-499E-9802-C839C8B24A1B} = {7C20B305-A37E-479F-83B2-79606FBF6033}
		{9BE0395F-3549-45C5-9E22-0E6735FB78F2} = {7C20B305-A37E-479F-83B2-79606FBF6033}
		{5E04E0A5-8BFC-423F-88D4-CAF0368CCC40} = {7C20B305-A37E-479F-83B2-79606FBF6033}
	EndGlobalSection
	GlobalSection(ExtensibilityGlobals) = postSolution
		SolutionGuid = {2ABE6B23-17A6-4850-8DE8-02A4BF5684DC}
	EndGlobalSection
EndGlobal
