
Microsoft Visual Studio Solution File, Format Version 12.00
# Visual Studio Version 16
VisualStudioVersion = 16.0.29806.167
MinimumVisualStudioVersion = 10.0.40219.1
Project("{2150E333-8FDC-42A3-9474-1A3956D46DE8}") = "src", "src", "{0DE60274-AA05-4E64-A7C1-175005219903}"
EndProject
Project("{2150E333-8FDC-42A3-9474-1A3956D46DE8}") = "tests", "tests", "{ACB95C7B-DFE8-411A-8CC5-059505530ADB}"
EndProject
Project("{9A19103F-16F7-4668-BE54-9A1E7A4F7556}") = "Ae.DnsResolver.Tests", "tests\Ae.DnsResolver.Tests\Ae.DnsResolver.Tests.csproj", "{232513BC-E1C3-400D-9B66-252F039C467F}"
EndProject
Project("{9A19103F-16F7-4668-BE54-9A1E7A4F7556}") = "Ae.DnsResolver.Client", "src\Ae.DnsResolver.Client\Ae.DnsResolver.Client.csproj", "{62E26557-4649-4A3B-9D46-3E4693048A5F}"
EndProject
Project("{9A19103F-16F7-4668-BE54-9A1E7A4F7556}") = "Ae.DnsResolver.Protocol", "src\Ae.DnsResolver.Protocol\Ae.DnsResolver.Protocol.csproj", "{6FCA0226-5C61-4F03-9B24-EAA5B3152B0D}"
EndProject
Project("{9A19103F-16F7-4668-BE54-9A1E7A4F7556}") = "Ae.DnsResolver.Server", "src\Ae.DnsResolver.Server\Ae.DnsResolver.Server.csproj", "{58758A14-179E-4CF4-AFB1-141F9EF865B7}"
EndProject
Project("{9A19103F-16F7-4668-BE54-9A1E7A4F7556}") = "Ae.DnsResolver.Repository", "src\Ae.DnsResolver.Repository\Ae.DnsResolver.Repository.csproj", "{E08A9029-6A35-4DBF-9F7E-DC63CE6ECBAF}"
EndProject
Project("{2150E333-8FDC-42A3-9474-1A3956D46DE8}") = "misc", "misc", "{62623591-B874-4086-B9BD-A5715EA33E1C}"
EndProject
Project("{9A19103F-16F7-4668-BE54-9A1E7A4F7556}") = "Ae.DnsResolver.Console", "misc\Ae.DnsResolver.Console\Ae.DnsResolver.Console.csproj", "{8DDF238A-CF5B-4B48-9348-DCFE71389E0C}"
EndProject
Global
	GlobalSection(SolutionConfigurationPlatforms) = preSolution
		Debug|Any CPU = Debug|Any CPU
		Release|Any CPU = Release|Any CPU
	EndGlobalSection
	GlobalSection(ProjectConfigurationPlatforms) = postSolution
		{232513BC-E1C3-400D-9B66-252F039C467F}.Debug|Any CPU.ActiveCfg = Debug|Any CPU
		{232513BC-E1C3-400D-9B66-252F039C467F}.Debug|Any CPU.Build.0 = Debug|Any CPU
		{232513BC-E1C3-400D-9B66-252F039C467F}.Release|Any CPU.ActiveCfg = Release|Any CPU
		{232513BC-E1C3-400D-9B66-252F039C467F}.Release|Any CPU.Build.0 = Release|Any CPU
		{62E26557-4649-4A3B-9D46-3E4693048A5F}.Debug|Any CPU.ActiveCfg = Debug|Any CPU
		{62E26557-4649-4A3B-9D46-3E4693048A5F}.Debug|Any CPU.Build.0 = Debug|Any CPU
		{62E26557-4649-4A3B-9D46-3E4693048A5F}.Release|Any CPU.ActiveCfg = Release|Any CPU
		{62E26557-4649-4A3B-9D46-3E4693048A5F}.Release|Any CPU.Build.0 = Release|Any CPU
		{6FCA0226-5C61-4F03-9B24-EAA5B3152B0D}.Debug|Any CPU.ActiveCfg = Debug|Any CPU
		{6FCA0226-5C61-4F03-9B24-EAA5B3152B0D}.Debug|Any CPU.Build.0 = Debug|Any CPU
		{6FCA0226-5C61-4F03-9B24-EAA5B3152B0D}.Release|Any CPU.ActiveCfg = Release|Any CPU
		{6FCA0226-5C61-4F03-9B24-EAA5B3152B0D}.Release|Any CPU.Build.0 = Release|Any CPU
		{58758A14-179E-4CF4-AFB1-141F9EF865B7}.Debug|Any CPU.ActiveCfg = Debug|Any CPU
		{58758A14-179E-4CF4-AFB1-141F9EF865B7}.Debug|Any CPU.Build.0 = Debug|Any CPU
		{58758A14-179E-4CF4-AFB1-141F9EF865B7}.Release|Any CPU.ActiveCfg = Release|Any CPU
		{58758A14-179E-4CF4-AFB1-141F9EF865B7}.Release|Any CPU.Build.0 = Release|Any CPU
		{E08A9029-6A35-4DBF-9F7E-DC63CE6ECBAF}.Debug|Any CPU.ActiveCfg = Debug|Any CPU
		{E08A9029-6A35-4DBF-9F7E-DC63CE6ECBAF}.Debug|Any CPU.Build.0 = Debug|Any CPU
		{E08A9029-6A35-4DBF-9F7E-DC63CE6ECBAF}.Release|Any CPU.ActiveCfg = Release|Any CPU
		{E08A9029-6A35-4DBF-9F7E-DC63CE6ECBAF}.Release|Any CPU.Build.0 = Release|Any CPU
		{8DDF238A-CF5B-4B48-9348-DCFE71389E0C}.Debug|Any CPU.ActiveCfg = Debug|Any CPU
		{8DDF238A-CF5B-4B48-9348-DCFE71389E0C}.Debug|Any CPU.Build.0 = Debug|Any CPU
		{8DDF238A-CF5B-4B48-9348-DCFE71389E0C}.Release|Any CPU.ActiveCfg = Release|Any CPU
		{8DDF238A-CF5B-4B48-9348-DCFE71389E0C}.Release|Any CPU.Build.0 = Release|Any CPU
	EndGlobalSection
	GlobalSection(SolutionProperties) = preSolution
		HideSolutionNode = FALSE
	EndGlobalSection
	GlobalSection(NestedProjects) = preSolution
		{232513BC-E1C3-400D-9B66-252F039C467F} = {ACB95C7B-DFE8-411A-8CC5-059505530ADB}
		{62E26557-4649-4A3B-9D46-3E4693048A5F} = {0DE60274-AA05-4E64-A7C1-175005219903}
		{6FCA0226-5C61-4F03-9B24-EAA5B3152B0D} = {0DE60274-AA05-4E64-A7C1-175005219903}
		{58758A14-179E-4CF4-AFB1-141F9EF865B7} = {0DE60274-AA05-4E64-A7C1-175005219903}
		{E08A9029-6A35-4DBF-9F7E-DC63CE6ECBAF} = {0DE60274-AA05-4E64-A7C1-175005219903}
		{8DDF238A-CF5B-4B48-9348-DCFE71389E0C} = {62623591-B874-4086-B9BD-A5715EA33E1C}
	EndGlobalSection
	GlobalSection(ExtensibilityGlobals) = postSolution
		SolutionGuid = {2ABE6B23-17A6-4850-8DE8-02A4BF5684DC}
	EndGlobalSection
EndGlobal
